# This file is autogenerated, do not edit; changes may be undone by the next 'dep ensure'.


[[projects]]
  digest = "1:44fd27d0559326eb63ee0b7b5c80832c821761ff6d1b9cc4ad075783485a5837"
  name = "github.com/docker/go"
  packages = ["canonical/json"]
  pruneopts = "UT"
  revision = "62e5ec7cf43f795986ec658df7cb317255772993"
  version = "v1.5.1-1"

[solve-meta]
  analyzer-name = "dep"
  analyzer-version = 1
  input-imports = ["github.com/docker/go/canonical/json"]
  solver-name = "gps-cdcl"
  solver-version = 1
